
Microsoft Visual Studio Solution File, Format Version 12.00
# Visual Studio Version 16
VisualStudioVersion = 16.0.31005.135
MinimumVisualStudioVersion = 10.0.40219.1
Project("{9A19103F-16F7-4668-BE54-9A1E7A4F7556}") = "Uzaktan.Core", "Uzaktan.Core\Uzaktan.Core.csproj", "{5C73D2E0-0A14-49C3-B6CA-D54C280C1776}"
EndProject
Project("{FAE04EC0-301F-11D3-BF4B-00C04F79EFBC}") = "Uzaktan.Data.SqlServer", "Uzaktan.Data.SqlServer\Uzaktan.Data.SqlServer.csproj", "{73D7D368-0581-462B-A2FC-DEFE4EE45B69}"
EndProject
Project("{FAE04EC0-301F-11D3-BF4B-00C04F79EFBC}") = "Uzaktan.UI.ConsoleUI", "Uzaktan.UI.ConsoleUI\Uzaktan.UI.ConsoleUI.csproj", "{B9937522-5E10-456B-B7BF-0D439A1F5741}"
EndProject
Global
	GlobalSection(SolutionConfigurationPlatforms) = preSolution
		Debug|Any CPU = Debug|Any CPU
		Release|Any CPU = Release|Any CPU
	EndGlobalSection
	GlobalSection(ProjectConfigurationPlatforms) = postSolution
		{5C73D2E0-0A14-49C3-B6CA-D54C280C1776}.Debug|Any CPU.ActiveCfg = Debug|Any CPU
		{5C73D2E0-0A14-49C3-B6CA-D54C280C1776}.Debug|Any CPU.Build.0 = Debug|Any CPU
		{5C73D2E0-0A14-49C3-B6CA-D54C280C1776}.Release|Any CPU.ActiveCfg = Release|Any CPU
		{5C73D2E0-0A14-49C3-B6CA-D54C280C1776}.Release|Any CPU.Build.0 = Release|Any CPU
		{73D7D368-0581-462B-A2FC-DEFE4EE45B69}.Debug|Any CPU.ActiveCfg = Debug|Any CPU
		{73D7D368-0581-462B-A2FC-DEFE4EE45B69}.Debug|Any CPU.Build.0 = Debug|Any CPU
		{73D7D368-0581-462B-A2FC-DEFE4EE45B69}.Release|Any CPU.ActiveCfg = Release|Any CPU
		{73D7D368-0581-462B-A2FC-DEFE4EE45B69}.Release|Any CPU.Build.0 = Release|Any CPU
		{B9937522-5E10-456B-B7BF-0D439A1F5741}.Debug|Any CPU.ActiveCfg = Debug|Any CPU
		{B9937522-5E10-456B-B7BF-0D439A1F5741}.Debug|Any CPU.Build.0 = Debug|Any CPU
		{B9937522-5E10-456B-B7BF-0D439A1F5741}.Release|Any CPU.ActiveCfg = Release|Any CPU
		{B9937522-5E10-456B-B7BF-0D439A1F5741}.Release|Any CPU.Build.0 = Release|Any CPU
	EndGlobalSection
	GlobalSection(SolutionProperties) = preSolution
		HideSolutionNode = FALSE
	EndGlobalSection
	GlobalSection(ExtensibilityGlobals) = postSolution
		SolutionGuid = {929597F0-E249-4A82-B451-BFE356604A53}
	EndGlobalSection
EndGlobal
